
Microsoft Visual Studio Solution File, Format Version 12.00
# Visual Studio Version 16
VisualStudioVersion = 16.0.29613.14
MinimumVisualStudioVersion = 10.0.40219.1
Project("{FAE04EC0-301F-11D3-BF4B-00C04F79EFBC}") = "CartLineCustomData", "CartLineCustomData.csproj", "{592538DC-5339-4D84-B85C-55E9D310DD76}"
EndProject
Global
	GlobalSection(SolutionConfigurationPlatforms) = preSolution
		Debug|Any CPU = Debug|Any CPU
		Release|Any CPU = Release|Any CPU
	EndGlobalSection
	GlobalSection(ProjectConfigurationPlatforms) = postSolution
		{592538DC-5339-4D84-B85C-55E9D310DD76}.Debug|Any CPU.ActiveCfg = Debug|Any CPU
		{592538DC-5339-4D84-B85C-55E9D310DD76}.Debug|Any CPU.Build.0 = Debug|Any CPU
		{592538DC-5339-4D84-B85C-55E9D310DD76}.Release|Any CPU.ActiveCfg = Release|Any CPU
		{592538DC-5339-4D84-B85C-55E9D310DD76}.Release|Any CPU.Build.0 = Release|Any CPU
	EndGlobalSection
	GlobalSection(SolutionProperties) = preSolution
		HideSolutionNode = FALSE
	EndGlobalSection
	GlobalSection(ExtensibilityGlobals) = postSolution
		SolutionGuid = {DC26CFAF-B2D3-42C5-9D4F-EF6A0537CFA8}
	EndGlobalSection
EndGlobal
